
Microsoft Visual Studio Solution File, Format Version 12.00
# Visual Studio 15
VisualStudioVersion = 15.0.27703.2026
MinimumVisualStudioVersion = 10.0.40219.1
Project("{FAE04EC0-301F-11D3-BF4B-00C04F79EFBC}") = "Groundwork.Domain", "Groundwork.Domain\Groundwork.Domain.csproj", "{0F7101C7-68CC-4D1C-BA69-D693388592AB}"
EndProject
Project("{FAE04EC0-301F-11D3-BF4B-00C04F79EFBC}") = "Groundwork.Data", "Groundwork.Data\Groundwork.Data.csproj", "{AA7B574E-EA3D-4B85-8E3C-BAC14E1FA3E6}"
EndProject
Global
	GlobalSection(SolutionConfigurationPlatforms) = preSolution
		Debug|Any CPU = Debug|Any CPU
		Release|Any CPU = Release|Any CPU
	EndGlobalSection
	GlobalSection(ProjectConfigurationPlatforms) = postSolution
		{0F7101C7-68CC-4D1C-BA69-D693388592AB}.Debug|Any CPU.ActiveCfg = Debug|Any CPU
		{0F7101C7-68CC-4D1C-BA69-D693388592AB}.Debug|Any CPU.Build.0 = Debug|Any CPU
		{0F7101C7-68CC-4D1C-BA69-D693388592AB}.Release|Any CPU.ActiveCfg = Release|Any CPU
		{0F7101C7-68CC-4D1C-BA69-D693388592AB}.Release|Any CPU.Build.0 = Release|Any CPU
		{AA7B574E-EA3D-4B85-8E3C-BAC14E1FA3E6}.Debug|Any CPU.ActiveCfg = Debug|Any CPU
		{AA7B574E-EA3D-4B85-8E3C-BAC14E1FA3E6}.Debug|Any CPU.Build.0 = Debug|Any CPU
		{AA7B574E-EA3D-4B85-8E3C-BAC14E1FA3E6}.Release|Any CPU.ActiveCfg = Release|Any CPU
		{AA7B574E-EA3D-4B85-8E3C-BAC14E1FA3E6}.Release|Any CPU.Build.0 = Release|Any CPU
	EndGlobalSection
	GlobalSection(SolutionProperties) = preSolution
		HideSolutionNode = FALSE
	EndGlobalSection
	GlobalSection(ExtensibilityGlobals) = postSolution
		SolutionGuid = {159F7AD7-1D27-4378-9BF9-B7580DF362DB}
	EndGlobalSection
EndGlobal
